<Solution>
  <Project Path="Core.Data.Test/Core.Data.Test.csproj" />
  <Project Path="Core.Data/Core.Data.csproj" />
  <Project Path="Core.DataAccess.Test/Core.DataAccess.Test.csproj" />
  <Project Path="Core.DataAccess/Core.DataAccess.csproj" />
  <Project Path="Core.Packager/Core.Packager.csproj" />
  <Project Path="Core.Presentation.Test/Core.Presentation.Test.csproj" />
  <Project Path="Core.Presentation/Core.Presentation.csproj" />
</Solution>
